
Microsoft Visual Studio Solution File, Format Version 12.00
# Visual Studio 15
VisualStudioVersion = 15.0.26124.0
MinimumVisualStudioVersion = 15.0.26124.0
Project("{FAE04EC0-301F-11D3-BF4B-00C04F79EFBC}") = "Persistence", "Persistence\Persistence.csproj", "{C20A7B7E-21ED-4AE4-81E3-0C19240BD56B}"
EndProject
Project("{FAE04EC0-301F-11D3-BF4B-00C04F79EFBC}") = "Domain", "Domain\Domain.csproj", "{2093B9F9-88E4-43ED-8298-EE3B2001638E}"
EndProject
Project("{FAE04EC0-301F-11D3-BF4B-00C04F79EFBC}") = "Application", "Application\Application.csproj", "{EE648468-FF44-4AD8-ABBC-A01619BCA1A9}"
EndProject
Project("{FAE04EC0-301F-11D3-BF4B-00C04F79EFBC}") = "Api", "Api\Api.csproj", "{B44EFB86-12D1-458D-980C-9416D3212F0A}"
EndProject
Global
	GlobalSection(SolutionConfigurationPlatforms) = preSolution
		Debug|Any CPU = Debug|Any CPU
		Debug|x64 = Debug|x64
		Debug|x86 = Debug|x86
		Release|Any CPU = Release|Any CPU
		Release|x64 = Release|x64
		Release|x86 = Release|x86
	EndGlobalSection
	GlobalSection(SolutionProperties) = preSolution
		HideSolutionNode = FALSE
	EndGlobalSection
	GlobalSection(ProjectConfigurationPlatforms) = postSolution
		{C20A7B7E-21ED-4AE4-81E3-0C19240BD56B}.Debug|Any CPU.ActiveCfg = Debug|Any CPU
		{C20A7B7E-21ED-4AE4-81E3-0C19240BD56B}.Debug|Any CPU.Build.0 = Debug|Any CPU
		{C20A7B7E-21ED-4AE4-81E3-0C19240BD56B}.Debug|x64.ActiveCfg = Debug|Any CPU
		{C20A7B7E-21ED-4AE4-81E3-0C19240BD56B}.Debug|x64.Build.0 = Debug|Any CPU
		{C20A7B7E-21ED-4AE4-81E3-0C19240BD56B}.Debug|x86.ActiveCfg = Debug|Any CPU
		{C20A7B7E-21ED-4AE4-81E3-0C19240BD56B}.Debug|x86.Build.0 = Debug|Any CPU
		{C20A7B7E-21ED-4AE4-81E3-0C19240BD56B}.Release|Any CPU.ActiveCfg = Release|Any CPU
		{C20A7B7E-21ED-4AE4-81E3-0C19240BD56B}.Release|Any CPU.Build.0 = Release|Any CPU
		{C20A7B7E-21ED-4AE4-81E3-0C19240BD56B}.Release|x64.ActiveCfg = Release|Any CPU
		{C20A7B7E-21ED-4AE4-81E3-0C19240BD56B}.Release|x64.Build.0 = Release|Any CPU
		{C20A7B7E-21ED-4AE4-81E3-0C19240BD56B}.Release|x86.ActiveCfg = Release|Any CPU
		{C20A7B7E-21ED-4AE4-81E3-0C19240BD56B}.Release|x86.Build.0 = Release|Any CPU
		{2093B9F9-88E4-43ED-8298-EE3B2001638E}.Debug|Any CPU.ActiveCfg = Debug|Any CPU
		{2093B9F9-88E4-43ED-8298-EE3B2001638E}.Debug|Any CPU.Build.0 = Debug|Any CPU
		{2093B9F9-88E4-43ED-8298-EE3B2001638E}.Debug|x64.ActiveCfg = Debug|Any CPU
		{2093B9F9-88E4-43ED-8298-EE3B2001638E}.Debug|x64.Build.0 = Debug|Any CPU
		{2093B9F9-88E4-43ED-8298-EE3B2001638E}.Debug|x86.ActiveCfg = Debug|Any CPU
		{2093B9F9-88E4-43ED-8298-EE3B2001638E}.Debug|x86.Build.0 = Debug|Any CPU
		{2093B9F9-88E4-43ED-8298-EE3B2001638E}.Release|Any CPU.ActiveCfg = Release|Any CPU
		{2093B9F9-88E4-43ED-8298-EE3B2001638E}.Release|Any CPU.Build.0 = Release|Any CPU
		{2093B9F9-88E4-43ED-8298-EE3B2001638E}.Release|x64.ActiveCfg = Release|Any CPU
		{2093B9F9-88E4-43ED-8298-EE3B2001638E}.Release|x64.Build.0 = Release|Any CPU
		{2093B9F9-88E4-43ED-8298-EE3B2001638E}.Release|x86.ActiveCfg = Release|Any CPU
		{2093B9F9-88E4-43ED-8298-EE3B2001638E}.Release|x86.Build.0 = Release|Any CPU
		{EE648468-FF44-4AD8-ABBC-A01619BCA1A9}.Debug|Any CPU.ActiveCfg = Debug|Any CPU
		{EE648468-FF44-4AD8-ABBC-A01619BCA1A9}.Debug|Any CPU.Build.0 = Debug|Any CPU
		{EE648468-FF44-4AD8-ABBC-A01619BCA1A9}.Debug|x64.ActiveCfg = Debug|Any CPU
		{EE648468-FF44-4AD8-ABBC-A01619BCA1A9}.Debug|x64.Build.0 = Debug|Any CPU
		{EE648468-FF44-4AD8-ABBC-A01619BCA1A9}.Debug|x86.ActiveCfg = Debug|Any CPU
		{EE648468-FF44-4AD8-ABBC-A01619BCA1A9}.Debug|x86.Build.0 = Debug|Any CPU
		{EE648468-FF44-4AD8-ABBC-A01619BCA1A9}.Release|Any CPU.ActiveCfg = Release|Any CPU
		{EE648468-FF44-4AD8-ABBC-A01619BCA1A9}.Release|Any CPU.Build.0 = Release|Any CPU
		{EE648468-FF44-4AD8-ABBC-A01619BCA1A9}.Release|x64.ActiveCfg = Release|Any CPU
		{EE648468-FF44-4AD8-ABBC-A01619BCA1A9}.Release|x64.Build.0 = Release|Any CPU
		{EE648468-FF44-4AD8-ABBC-A01619BCA1A9}.Release|x86.ActiveCfg = Release|Any CPU
		{EE648468-FF44-4AD8-ABBC-A01619BCA1A9}.Release|x86.Build.0 = Release|Any CPU
		{B44EFB86-12D1-458D-980C-9416D3212F0A}.Debug|Any CPU.ActiveCfg = Debug|Any CPU
		{B44EFB86-12D1-458D-980C-9416D3212F0A}.Debug|Any CPU.Build.0 = Debug|Any CPU
		{B44EFB86-12D1-458D-980C-9416D3212F0A}.Debug|x64.ActiveCfg = Debug|Any CPU
		{B44EFB86-12D1-458D-980C-9416D3212F0A}.Debug|x64.Build.0 = Debug|Any CPU
		{B44EFB86-12D1-458D-980C-9416D3212F0A}.Debug|x86.ActiveCfg = Debug|Any CPU
		{B44EFB86-12D1-458D-980C-9416D3212F0A}.Debug|x86.Build.0 = Debug|Any CPU
		{B44EFB86-12D1-458D-980C-9416D3212F0A}.Release|Any CPU.ActiveCfg = Release|Any CPU
		{B44EFB86-12D1-458D-980C-9416D3212F0A}.Release|Any CPU.Build.0 = Release|Any CPU
		{B44EFB86-12D1-458D-980C-9416D3212F0A}.Release|x64.ActiveCfg = Release|Any CPU
		{B44EFB86-12D1-458D-980C-9416D3212F0A}.Release|x64.Build.0 = Release|Any CPU
		{B44EFB86-12D1-458D-980C-9416D3212F0A}.Release|x86.ActiveCfg = Release|Any CPU
		{B44EFB86-12D1-458D-980C-9416D3212F0A}.Release|x86.Build.0 = Release|Any CPU
	EndGlobalSection
EndGlobal
